{
  "version": 4,
  "terraform_version": "1.3.2",
  "serial": 98,
  "lineage": "11e011e4-97f9-9add-826f-0034b715ff14",
  "outputs": {},
  "resources": [
    {
      "module": "module.cert_manager",
      "mode": "managed",
      "type": "helm_release",
      "name": "cert_manager",
      "provider": "provider[\"registry.terraform.io/hashicorp/helm\"]",
      "instances": [
        {
          "schema_version": 0,
          "attributes": {
            "atomic": false,
            "chart": "cert-manager",
            "cleanup_on_fail": false,
            "create_namespace": false,
            "dependency_update": false,
            "description": null,
            "devel": null,
            "disable_crd_hooks": false,
            "disable_openapi_validation": false,
            "disable_webhooks": false,
            "force_update": false,
            "id": "cert-manager",
            "keyring": null,
            "lint": false,
            "manifest": null,
            "max_history": 0,
            "metadata": [
              {
                "app_version": "v1.7.1",
                "chart": "cert-manager",
                "name": "cert-manager",
                "namespace": "cert-manager",
                "revision": 1,
                "values": "{\"installCRDs\":true}",
                "version": "v1.7.1"
              }
            ],
            "name": "cert-manager",
            "namespace": "cert-manager",
            "postrender": [],
            "recreate_pods": false,
            "render_subchart_notes": true,
            "replace": false,
            "repository": "https://charts.jetstack.io",
            "repository_ca_file": null,
            "repository_cert_file": null,
            "repository_key_file": null,
            "repository_password": null,
            "repository_username": null,
            "reset_values": false,
            "reuse_values": false,
            "set": [
              {
                "name": "installCRDs",
                "type": "",
                "value": "true"
              }
            ],
            "set_sensitive": [],
            "skip_crds": false,
            "status": "deployed",
            "timeout": 300,
            "values": null,
            "verify": false,
            "version": "v1.7.1",
            "wait": true,
            "wait_for_jobs": false
          },
          "sensitive_attributes": [],
          "private": "bnVsbA==",
          "dependencies": [
            "module.cert_manager.kubernetes_namespace.cert_manager"
          ]
        }
      ]
    },
    {
      "module": "module.cert_manager",
      "mode": "managed",
      "type": "kubectl_manifest",
      "name": "cluster_issuer",
      "provider": "provider[\"registry.terraform.io/gavinbunney/kubectl\"]",
      "instances": [
        {
          "index_key": 0,
          "schema_version": 1,
          "attributes": {
            "api_version": "cert-manager.io/v1",
            "force_new": false,
            "id": "/apis/cert-manager.io/v1/clusterissuers/cert-manager",
            "ignore_fields": null,
            "kind": "ClusterIssuer",
            "live_manifest_incluster": "efef1744497011ee358d109df8e9b331ab8f95842a25c25d985bca0380a64b93",
            "live_uid": "41c9af5c-cd0b-4310-9e0d-d53d940c31d1",
            "name": "cert-manager",
            "namespace": null,
            "override_namespace": null,
            "sensitive_fields": null,
            "server_side_apply": false,
            "timeouts": null,
            "uid": "41c9af5c-cd0b-4310-9e0d-d53d940c31d1",
            "validate_schema": false,
            "wait": null,
            "wait_for_rollout": true,
            "yaml_body": "\"apiVersion\": \"cert-manager.io/v1\"\n\"kind\": \"ClusterIssuer\"\n\"metadata\":\n  \"name\": \"cert-manager\"\n\"spec\":\n  \"acme\":\n    \"email\": \"hunglq@zinza.com.vn\"\n    \"preferredChain\": \"ISRG Root X1\"\n    \"privateKeySecretRef\":\n      \"name\": \"cert-manager-private-key\"\n    \"server\": \"https://acme-v02.api.letsencrypt.org/directory\"\n    \"solvers\":\n    - \"http01\":\n        \"ingress\":\n          \"class\": \"nginx\"\n",
            "yaml_body_parsed": "apiVersion: cert-manager.io/v1\nkind: ClusterIssuer\nmetadata:\n  name: cert-manager\nspec:\n  acme:\n    email: hunglq@zinza.com.vn\n    preferredChain: ISRG Root X1\n    privateKeySecretRef:\n      name: cert-manager-private-key\n    server: https://acme-v02.api.letsencrypt.org/directory\n    solvers:\n    - http01:\n        ingress:\n          class: nginx\n",
            "yaml_incluster": "efef1744497011ee358d109df8e9b331ab8f95842a25c25d985bca0380a64b93"
          },
          "sensitive_attributes": [],
          "private": "eyJlMmJmYjczMC1lY2FhLTExZTYtOGY4OC0zNDM2M2JjN2M0YzAiOnsiY3JlYXRlIjo2MDAwMDAwMDAwMDB9LCJzY2hlbWFfdmVyc2lvbiI6IjEifQ==",
          "dependencies": [
            "module.cert_manager.helm_release.cert_manager",
            "module.cert_manager.kubernetes_namespace.cert_manager",
            "module.cert_manager.time_sleep.wait"
          ]
        }
      ]
    },
    {
      "module": "module.cert_manager",
      "mode": "managed",
      "type": "kubernetes_namespace",
      "name": "cert_manager",
      "provider": "provider[\"registry.terraform.io/hashicorp/kubernetes\"]",
      "instances": [
        {
          "index_key": 0,
          "schema_version": 0,
          "attributes": {
            "id": "cert-manager",
            "metadata": [
              {
                "annotations": {
                  "name": "cert-manager"
                },
                "generate_name": "",
                "generation": 0,
                "labels": null,
                "name": "cert-manager",
                "resource_version": "90790",
                "uid": "631035c7-5cf6-4b34-8ea9-de4670e408a1"
              }
            ],
            "timeouts": null
          },
          "sensitive_attributes": [],
          "private": "eyJlMmJmYjczMC1lY2FhLTExZTYtOGY4OC0zNDM2M2JjN2M0YzAiOnsiZGVsZXRlIjozMDAwMDAwMDAwMDB9fQ=="
        }
      ]
    },
    {
      "module": "module.cert_manager",
      "mode": "managed",
      "type": "time_sleep",
      "name": "wait",
      "provider": "provider[\"registry.terraform.io/hashicorp/time\"]",
      "instances": [
        {
          "schema_version": 0,
          "attributes": {
            "create_duration": "60s",
            "destroy_duration": null,
            "id": "2022-10-04T17:22:12Z",
            "triggers": null
          },
          "sensitive_attributes": [],
          "private": "bnVsbA==",
          "dependencies": [
            "module.cert_manager.helm_release.cert_manager",
            "module.cert_manager.kubernetes_namespace.cert_manager"
          ]
        }
      ]
    },
    {
      "module": "module.istio_operator",
      "mode": "managed",
      "type": "time_sleep",
      "name": "wait_30_seconds",
      "provider": "provider[\"registry.terraform.io/hashicorp/time\"]",
      "instances": [
        {
          "schema_version": 0,
          "attributes": {
            "create_duration": "30s",
            "destroy_duration": null,
            "id": "2022-10-04T17:12:43Z",
            "triggers": null
          },
          "sensitive_attributes": [],
          "private": "bnVsbA==",
          "dependencies": [
            "module.istio_operator.helm_release.istio_operator"
          ]
        }
      ]
    }
  ],
  "check_results": []
}
